
Microsoft Visual Studio Solution File, Format Version 12.00
# Visual Studio Version 17
VisualStudioVersion = 17.14.36511.14 d17.14
MinimumVisualStudioVersion = 10.0.40219.1
Project("{FAE04EC0-301F-11D3-BF4B-00C04F79EFBC}") = "Vezeeta.API", "Vezeeta.API\Vezeeta.API.csproj", "{F25C4227-FD6B-4E37-A701-CFE25F0ABD36}"
EndProject
Project("{FAE04EC0-301F-11D3-BF4B-00C04F79EFBC}") = "Vezeeta.Core", "Vezeeta.Core\Vezeeta.Core.csproj", "{5997D1FF-5D3D-49B8-B6DD-80E9C1BE7016}"
EndProject
Project("{FAE04EC0-301F-11D3-BF4B-00C04F79EFBC}") = "Vezeeta.Data", "Vezeeta.Data\Vezeeta.Data.csproj", "{CD414867-16F7-42FE-82C9-99A288310A55}"
EndProject
Project("{FAE04EC0-301F-11D3-BF4B-00C04F79EFBC}") = "Vezeeta.Infrastructure", "Vezeeta.Infrastructure\Vezeeta.Infrastructure.csproj", "{C7039632-2AD2-4A36-A780-4DCEA7C9E3C7}"
EndProject
Project("{FAE04EC0-301F-11D3-BF4B-00C04F79EFBC}") = "Vezeeta.Service", "Vezeeta.Service\Vezeeta.Service.csproj", "{CCD00BFB-48D4-49E9-B1D9-8C5CF2088008}"
EndProject
Global
	GlobalSection(SolutionConfigurationPlatforms) = preSolution
		Debug|Any CPU = Debug|Any CPU
		Release|Any CPU = Release|Any CPU
	EndGlobalSection
	GlobalSection(ProjectConfigurationPlatforms) = postSolution
		{F25C4227-FD6B-4E37-A701-CFE25F0ABD36}.Debug|Any CPU.ActiveCfg = Debug|Any CPU
		{F25C4227-FD6B-4E37-A701-CFE25F0ABD36}.Debug|Any CPU.Build.0 = Debug|Any CPU
		{F25C4227-FD6B-4E37-A701-CFE25F0ABD36}.Release|Any CPU.ActiveCfg = Release|Any CPU
		{F25C4227-FD6B-4E37-A701-CFE25F0ABD36}.Release|Any CPU.Build.0 = Release|Any CPU
		{5997D1FF-5D3D-49B8-B6DD-80E9C1BE7016}.Debug|Any CPU.ActiveCfg = Debug|Any CPU
		{5997D1FF-5D3D-49B8-B6DD-80E9C1BE7016}.Debug|Any CPU.Build.0 = Debug|Any CPU
		{5997D1FF-5D3D-49B8-B6DD-80E9C1BE7016}.Release|Any CPU.ActiveCfg = Release|Any CPU
		{5997D1FF-5D3D-49B8-B6DD-80E9C1BE7016}.Release|Any CPU.Build.0 = Release|Any CPU
		{CD414867-16F7-42FE-82C9-99A288310A55}.Debug|Any CPU.ActiveCfg = Debug|Any CPU
		{CD414867-16F7-42FE-82C9-99A288310A55}.Debug|Any CPU.Build.0 = Debug|Any CPU
		{CD414867-16F7-42FE-82C9-99A288310A55}.Release|Any CPU.ActiveCfg = Release|Any CPU
		{CD414867-16F7-42FE-82C9-99A288310A55}.Release|Any CPU.Build.0 = Release|Any CPU
		{C7039632-2AD2-4A36-A780-4DCEA7C9E3C7}.Debug|Any CPU.ActiveCfg = Debug|Any CPU
		{C7039632-2AD2-4A36-A780-4DCEA7C9E3C7}.Debug|Any CPU.Build.0 = Debug|Any CPU
		{C7039632-2AD2-4A36-A780-4DCEA7C9E3C7}.Release|Any CPU.ActiveCfg = Release|Any CPU
		{C7039632-2AD2-4A36-A780-4DCEA7C9E3C7}.Release|Any CPU.Build.0 = Release|Any CPU
		{CCD00BFB-48D4-49E9-B1D9-8C5CF2088008}.Debug|Any CPU.ActiveCfg = Debug|Any CPU
		{CCD00BFB-48D4-49E9-B1D9-8C5CF2088008}.Debug|Any CPU.Build.0 = Debug|Any CPU
		{CCD00BFB-48D4-49E9-B1D9-8C5CF2088008}.Release|Any CPU.ActiveCfg = Release|Any CPU
		{CCD00BFB-48D4-49E9-B1D9-8C5CF2088008}.Release|Any CPU.Build.0 = Release|Any CPU
	EndGlobalSection
	GlobalSection(SolutionProperties) = preSolution
		HideSolutionNode = FALSE
	EndGlobalSection
	GlobalSection(ExtensibilityGlobals) = postSolution
		SolutionGuid = {08A6E1D1-728E-4201-AFB5-4A4E6CC851D1}
	EndGlobalSection
EndGlobal
